// !$*UTF8*$!
{
	archiveVersion = 1;
	classes = {
	};
	objectVersion = 48;
	objects = {

/* Begin PBXBuildFile section */
		2809C8802084922F00138B46 /* ConfigureCellProtocol.swift in Sources */ = {isa = PBXBuildFile; fileRef = 2809C87F2084922F00138B46 /* ConfigureCellProtocol.swift */; };
		2809C88220849A5C00138B46 /* DetailController.swift in Sources */ = {isa = PBXBuildFile; fileRef = 2809C88120849A5C00138B46 /* DetailController.swift */; };
		280ED2E32096E0C900FB5BC3 /* SetManager.swift in Sources */ = {isa = PBXBuildFile; fileRef = 280ED2E22096E0C900FB5BC3 /* SetManager.swift */; };
		280ED2E52096E72500FB5BC3 /* ActionTextField.swift in Sources */ = {isa = PBXBuildFile; fileRef = 280ED2E42096E72500FB5BC3 /* ActionTextField.swift */; };
		280ED2E92097350C00FB5BC3 /* MultiSetManager.swift in Sources */ = {isa = PBXBuildFile; fileRef = 280ED2E82097350C00FB5BC3 /* MultiSetManager.swift */; };
		280ED2EB2097595F00FB5BC3 /* DequeueManager.swift in Sources */ = {isa = PBXBuildFile; fileRef = 280ED2EA2097595F00FB5BC3 /* DequeueManager.swift */; };
		282394DE2091A9D300F752E7 /* ATDControlProtocol.swift in Sources */ = {isa = PBXBuildFile; fileRef = 282394DD2091A9D300F752E7 /* ATDControlProtocol.swift */; };
		282BF705208DCCA4006ECD82 /* WebProtocol.swift in Sources */ = {isa = PBXBuildFile; fileRef = 282BF704208DCCA4006ECD82 /* WebProtocol.swift */; };
		28318B832080CD0000A3E4C4 /* DataStructureEntity.swift in Sources */ = {isa = PBXBuildFile; fileRef = 28318B822080CD0000A3E4C4 /* DataStructureEntity.swift */; };
		285EC864209AFCED004920B4 /* StackModel.swift in Sources */ = {isa = PBXBuildFile; fileRef = 285EC863209AFCED004920B4 /* StackModel.swift */; };
		285EC866209B05C3004920B4 /* QueueModel.swift in Sources */ = {isa = PBXBuildFile; fileRef = 285EC865209B05C3004920B4 /* QueueModel.swift */; };
		285EC868209B0A0C004920B4 /* SetModel.swift in Sources */ = {isa = PBXBuildFile; fileRef = 285EC867209B0A0C004920B4 /* SetModel.swift */; };
		285EC86A209B18CA004920B4 /* MultiSetModel.swift in Sources */ = {isa = PBXBuildFile; fileRef = 285EC869209B18CA004920B4 /* MultiSetModel.swift */; };
		286129C0207F647D0070600C /* AppDelegate.swift in Sources */ = {isa = PBXBuildFile; fileRef = 286129BF207F647D0070600C /* AppDelegate.swift */; };
		286129C5207F647D0070600C /* Main.storyboard in Resources */ = {isa = PBXBuildFile; fileRef = 286129C3207F647D0070600C /* Main.storyboard */; };
		286129C7207F647D0070600C /* Assets.xcassets in Resources */ = {isa = PBXBuildFile; fileRef = 286129C6207F647D0070600C /* Assets.xcassets */; };
		286129CA207F647D0070600C /* LaunchScreen.storyboard in Resources */ = {isa = PBXBuildFile; fileRef = 286129C8207F647D0070600C /* LaunchScreen.storyboard */; };
		286129D5207F647E0070600C /* UITableTests.swift in Sources */ = {isa = PBXBuildFile; fileRef = 286129D4207F647E0070600C /* UITableTests.swift */; };
		286129E0207F647E0070600C /* UITableUITests.swift in Sources */ = {isa = PBXBuildFile; fileRef = 286129DF207F647E0070600C /* UITableUITests.swift */; };
		286129EE207F66120070600C /* DataStructureViewController.swift in Sources */ = {isa = PBXBuildFile; fileRef = 286129ED207F66120070600C /* DataStructureViewController.swift */; };
		286129F0207F71330070600C /* DataStructureViewCell.swift in Sources */ = {isa = PBXBuildFile; fileRef = 286129EF207F71330070600C /* DataStructureViewCell.swift */; };
		286C9FB72080A680006AA8FF /* DataEntityProtocol.swift in Sources */ = {isa = PBXBuildFile; fileRef = 286C9FB62080A680006AA8FF /* DataEntityProtocol.swift */; };
		286C9FB92080A890006AA8FF /* ArrayData.swift in Sources */ = {isa = PBXBuildFile; fileRef = 286C9FB82080A890006AA8FF /* ArrayData.swift */; };
		288D4DDC209B24E1001403FC /* DequeueModel.swift in Sources */ = {isa = PBXBuildFile; fileRef = 288D4DDB209B24E1001403FC /* DequeueModel.swift */; };
		288D4DDE209B29E4001403FC /* ListModel.swift in Sources */ = {isa = PBXBuildFile; fileRef = 288D4DDD209B29E4001403FC /* ListModel.swift */; };
		288D4DE0209B2DA0001403FC /* PriorityQueueModel.swift in Sources */ = {isa = PBXBuildFile; fileRef = 288D4DDF209B2DA0001403FC /* PriorityQueueModel.swift */; };
		288D4DE2209B368C001403FC /* DictionaryModel.swift in Sources */ = {isa = PBXBuildFile; fileRef = 288D4DE1209B368C001403FC /* DictionaryModel.swift */; };
		289A67422089C7C00043EC4B /* UIWebVC.swift in Sources */ = {isa = PBXBuildFile; fileRef = 289A67412089C7C00043EC4B /* UIWebVC.swift */; };
		289A67442089C7FF0043EC4B /* WKWebVC.swift in Sources */ = {isa = PBXBuildFile; fileRef = 289A67432089C7FF0043EC4B /* WKWebVC.swift */; };
		289A67462089C8330043EC4B /* SFSafariVC.swift in Sources */ = {isa = PBXBuildFile; fileRef = 289A67452089C8330043EC4B /* SFSafariVC.swift */; };
		289CE6202085C7CA006D11FB /* EntityProtocol.swift in Sources */ = {isa = PBXBuildFile; fileRef = 289CE61F2085C7CA006D11FB /* EntityProtocol.swift */; };
		28A7AB6520999F15002D9825 /* ListManager.swift in Sources */ = {isa = PBXBuildFile; fileRef = 28A7AB6420999F15002D9825 /* ListManager.swift */; };
		28A7AB672099A872002D9825 /* PriorityQueueManager.swift in Sources */ = {isa = PBXBuildFile; fileRef = 28A7AB662099A872002D9825 /* PriorityQueueManager.swift */; };
		28A7AB692099D47D002D9825 /* DictionaryManager.swift in Sources */ = {isa = PBXBuildFile; fileRef = 28A7AB682099D47D002D9825 /* DictionaryManager.swift */; };
		28B04E592090B5D900F95D2E /* VisualizationController.swift in Sources */ = {isa = PBXBuildFile; fileRef = 28B04E582090B5D900F95D2E /* VisualizationController.swift */; };
		28B04E5D2090BC1500F95D2E /* FakeDataController.swift in Sources */ = {isa = PBXBuildFile; fileRef = 28B04E5C2090BC1500F95D2E /* FakeDataController.swift */; };
		28B04E5F2090C0E000F95D2E /* DataTableCell.swift in Sources */ = {isa = PBXBuildFile; fileRef = 28B04E5E2090C0E000F95D2E /* DataTableCell.swift */; };
		28BE36B42093277000A2986F /* Adapter.swift in Sources */ = {isa = PBXBuildFile; fileRef = 28BE36B32093277000A2986F /* Adapter.swift */; };
		28BE36B62093319C00A2986F /* AdapterProtocol.swift in Sources */ = {isa = PBXBuildFile; fileRef = 28BE36B52093319C00A2986F /* AdapterProtocol.swift */; };
		28BE36B82093434D00A2986F /* ActionButton.swift in Sources */ = {isa = PBXBuildFile; fileRef = 28BE36B72093434D00A2986F /* ActionButton.swift */; };
		28BE36BA2093535F00A2986F /* FakeDataProtocol.swift in Sources */ = {isa = PBXBuildFile; fileRef = 28BE36B92093535F00A2986F /* FakeDataProtocol.swift */; };
		28BE36BD209365FF00A2986F /* QueueManager.swift in Sources */ = {isa = PBXBuildFile; fileRef = 28BE36BC209365FF00A2986F /* QueueManager.swift */; };
		28D93FF12091D38C00D5900F /* StackManager.swift in Sources */ = {isa = PBXBuildFile; fileRef = 28D93FF02091D38C00D5900F /* StackManager.swift */; };
		28D93FF52091D4CE00D5900F /* ControlManagerFactory.swift in Sources */ = {isa = PBXBuildFile; fileRef = 28D93FF42091D4CE00D5900F /* ControlManagerFactory.swift */; };
/* End PBXBuildFile section */

/* Begin PBXContainerItemProxy section */
		286129D1207F647E0070600C /* PBXContainerItemProxy */ = {
			isa = PBXContainerItemProxy;
			containerPortal = 286129B4207F647D0070600C /* Project object */;
			proxyType = 1;
			remoteGlobalIDString = 286129BB207F647D0070600C;
			remoteInfo = UITable;
		};
		286129DC207F647E0070600C /* PBXContainerItemProxy */ = {
			isa = PBXContainerItemProxy;
			containerPortal = 286129B4207F647D0070600C /* Project object */;
			proxyType = 1;
			remoteGlobalIDString = 286129BB207F647D0070600C;
			remoteInfo = UITable;
		};
/* End PBXContainerItemProxy section */

/* Begin PBXFileReference section */
		2809C87F2084922F00138B46 /* ConfigureCellProtocol.swift */ = {isa = PBXFileReference; lastKnownFileType = sourcecode.swift; path = ConfigureCellProtocol.swift; sourceTree = "<group>"; };
		2809C88120849A5C00138B46 /* DetailController.swift */ = {isa = PBXFileReference; lastKnownFileType = sourcecode.swift; path = DetailController.swift; sourceTree = "<group>"; };
		280ED2E22096E0C900FB5BC3 /* SetManager.swift */ = {isa = PBXFileReference; lastKnownFileType = sourcecode.swift; path = SetManager.swift; sourceTree = "<group>"; };
		280ED2E42096E72500FB5BC3 /* ActionTextField.swift */ = {isa = PBXFileReference; lastKnownFileType = sourcecode.swift; path = ActionTextField.swift; sourceTree = "<group>"; };
		280ED2E82097350C00FB5BC3 /* MultiSetManager.swift */ = {isa = PBXFileReference; lastKnownFileType = sourcecode.swift; path = MultiSetManager.swift; sourceTree = "<group>"; };
		280ED2EA2097595F00FB5BC3 /* DequeueManager.swift */ = {isa = PBXFileReference; lastKnownFileType = sourcecode.swift; path = DequeueManager.swift; sourceTree = "<group>"; };
		282394DD2091A9D300F752E7 /* ATDControlProtocol.swift */ = {isa = PBXFileReference; lastKnownFileType = sourcecode.swift; path = ATDControlProtocol.swift; sourceTree = "<group>"; };
		282BF704208DCCA4006ECD82 /* WebProtocol.swift */ = {isa = PBXFileReference; lastKnownFileType = sourcecode.swift; path = WebProtocol.swift; sourceTree = "<group>"; };
		28318B822080CD0000A3E4C4 /* DataStructureEntity.swift */ = {isa = PBXFileReference; lastKnownFileType = sourcecode.swift; path = DataStructureEntity.swift; sourceTree = "<group>"; };
		285EC863209AFCED004920B4 /* StackModel.swift */ = {isa = PBXFileReference; lastKnownFileType = sourcecode.swift; path = StackModel.swift; sourceTree = "<group>"; };
		285EC865209B05C3004920B4 /* QueueModel.swift */ = {isa = PBXFileReference; lastKnownFileType = sourcecode.swift; path = QueueModel.swift; sourceTree = "<group>"; };
		285EC867209B0A0C004920B4 /* SetModel.swift */ = {isa = PBXFileReference; lastKnownFileType = sourcecode.swift; path = SetModel.swift; sourceTree = "<group>"; };
		285EC869209B18CA004920B4 /* MultiSetModel.swift */ = {isa = PBXFileReference; lastKnownFileType = sourcecode.swift; path = MultiSetModel.swift; sourceTree = "<group>"; };
		286129BC207F647D0070600C /* UITable.app */ = {isa = PBXFileReference; explicitFileType = wrapper.application; includeInIndex = 0; path = UITable.app; sourceTree = BUILT_PRODUCTS_DIR; };
		286129BF207F647D0070600C /* AppDelegate.swift */ = {isa = PBXFileReference; lastKnownFileType = sourcecode.swift; path = AppDelegate.swift; sourceTree = "<group>"; };
		286129C4207F647D0070600C /* Base */ = {isa = PBXFileReference; lastKnownFileType = file.storyboard; name = Base; path = Base.lproj/Main.storyboard; sourceTree = "<group>"; };
		286129C6207F647D0070600C /* Assets.xcassets */ = {isa = PBXFileReference; lastKnownFileType = folder.assetcatalog; path = Assets.xcassets; sourceTree = "<group>"; };
		286129C9207F647D0070600C /* Base */ = {isa = PBXFileReference; lastKnownFileType = file.storyboard; name = Base; path = Base.lproj/LaunchScreen.storyboard; sourceTree = "<group>"; };
		286129CB207F647D0070600C /* Info.plist */ = {isa = PBXFileReference; lastKnownFileType = text.plist.xml; path = Info.plist; sourceTree = "<group>"; };
		286129D0207F647E0070600C /* UITableTests.xctest */ = {isa = PBXFileReference; explicitFileType = wrapper.cfbundle; includeInIndex = 0; path = UITableTests.xctest; sourceTree = BUILT_PRODUCTS_DIR; };
		286129D4207F647E0070600C /* UITableTests.swift */ = {isa = PBXFileReference; lastKnownFileType = sourcecode.swift; path = UITableTests.swift; sourceTree = "<group>"; };
		286129D6207F647E0070600C /* Info.plist */ = {isa = PBXFileReference; lastKnownFileType = text.plist.xml; path = Info.plist; sourceTree = "<group>"; };
		286129DB207F647E0070600C /* UITableUITests.xctest */ = {isa = PBXFileReference; explicitFileType = wrapper.cfbundle; includeInIndex = 0; path = UITableUITests.xctest; sourceTree = BUILT_PRODUCTS_DIR; };
		286129DF207F647E0070600C /* UITableUITests.swift */ = {isa = PBXFileReference; lastKnownFileType = sourcecode.swift; path = UITableUITests.swift; sourceTree = "<group>"; };
		286129E1207F647E0070600C /* Info.plist */ = {isa = PBXFileReference; lastKnownFileType = text.plist.xml; path = Info.plist; sourceTree = "<group>"; };
		286129ED207F66120070600C /* DataStructureViewController.swift */ = {isa = PBXFileReference; lastKnownFileType = sourcecode.swift; path = DataStructureViewController.swift; sourceTree = "<group>"; };
		286129EF207F71330070600C /* DataStructureViewCell.swift */ = {isa = PBXFileReference; lastKnownFileType = sourcecode.swift; path = DataStructureViewCell.swift; sourceTree = "<group>"; };
		286C9FB62080A680006AA8FF /* DataEntityProtocol.swift */ = {isa = PBXFileReference; lastKnownFileType = sourcecode.swift; path = DataEntityProtocol.swift; sourceTree = "<group>"; };
		286C9FB82080A890006AA8FF /* ArrayData.swift */ = {isa = PBXFileReference; lastKnownFileType = sourcecode.swift; path = ArrayData.swift; sourceTree = "<group>"; };
		288D4DDB209B24E1001403FC /* DequeueModel.swift */ = {isa = PBXFileReference; lastKnownFileType = sourcecode.swift; path = DequeueModel.swift; sourceTree = "<group>"; };
		288D4DDD209B29E4001403FC /* ListModel.swift */ = {isa = PBXFileReference; lastKnownFileType = sourcecode.swift; path = ListModel.swift; sourceTree = "<group>"; };
		288D4DDF209B2DA0001403FC /* PriorityQueueModel.swift */ = {isa = PBXFileReference; lastKnownFileType = sourcecode.swift; path = PriorityQueueModel.swift; sourceTree = "<group>"; };
		288D4DE1209B368C001403FC /* DictionaryModel.swift */ = {isa = PBXFileReference; lastKnownFileType = sourcecode.swift; path = DictionaryModel.swift; sourceTree = "<group>"; };
		289A67412089C7C00043EC4B /* UIWebVC.swift */ = {isa = PBXFileReference; lastKnownFileType = sourcecode.swift; path = UIWebVC.swift; sourceTree = "<group>"; };
		289A67432089C7FF0043EC4B /* WKWebVC.swift */ = {isa = PBXFileReference; lastKnownFileType = sourcecode.swift; path = WKWebVC.swift; sourceTree = "<group>"; };
		289A67452089C8330043EC4B /* SFSafariVC.swift */ = {isa = PBXFileReference; lastKnownFileType = sourcecode.swift; path = SFSafariVC.swift; sourceTree = "<group>"; };
		289CE61F2085C7CA006D11FB /* EntityProtocol.swift */ = {isa = PBXFileReference; lastKnownFileType = sourcecode.swift; path = EntityProtocol.swift; sourceTree = "<group>"; };
		28A7AB6420999F15002D9825 /* ListManager.swift */ = {isa = PBXFileReference; lastKnownFileType = sourcecode.swift; path = ListManager.swift; sourceTree = "<group>"; };
		28A7AB662099A872002D9825 /* PriorityQueueManager.swift */ = {isa = PBXFileReference; lastKnownFileType = sourcecode.swift; path = PriorityQueueManager.swift; sourceTree = "<group>"; };
		28A7AB682099D47D002D9825 /* DictionaryManager.swift */ = {isa = PBXFileReference; lastKnownFileType = sourcecode.swift; path = DictionaryManager.swift; sourceTree = "<group>"; };
		28B04E582090B5D900F95D2E /* VisualizationController.swift */ = {isa = PBXFileReference; lastKnownFileType = sourcecode.swift; path = VisualizationController.swift; sourceTree = "<group>"; };
		28B04E5C2090BC1500F95D2E /* FakeDataController.swift */ = {isa = PBXFileReference; lastKnownFileType = sourcecode.swift; path = FakeDataController.swift; sourceTree = "<group>"; };
		28B04E5E2090C0E000F95D2E /* DataTableCell.swift */ = {isa = PBXFileReference; lastKnownFileType = sourcecode.swift; path = DataTableCell.swift; sourceTree = "<group>"; };
		28BE36B32093277000A2986F /* Adapter.swift */ = {isa = PBXFileReference; lastKnownFileType = sourcecode.swift; path = Adapter.swift; sourceTree = "<group>"; };
		28BE36B52093319C00A2986F /* AdapterProtocol.swift */ = {isa = PBXFileReference; lastKnownFileType = sourcecode.swift; path = AdapterProtocol.swift; sourceTree = "<group>"; };
		28BE36B72093434D00A2986F /* ActionButton.swift */ = {isa = PBXFileReference; lastKnownFileType = sourcecode.swift; path = ActionButton.swift; sourceTree = "<group>"; };
		28BE36B92093535F00A2986F /* FakeDataProtocol.swift */ = {isa = PBXFileReference; lastKnownFileType = sourcecode.swift; path = FakeDataProtocol.swift; sourceTree = "<group>"; };
		28BE36BC209365FF00A2986F /* QueueManager.swift */ = {isa = PBXFileReference; lastKnownFileType = sourcecode.swift; path = QueueManager.swift; sourceTree = "<group>"; };
		28D93FF02091D38C00D5900F /* StackManager.swift */ = {isa = PBXFileReference; lastKnownFileType = sourcecode.swift; path = StackManager.swift; sourceTree = "<group>"; };
		28D93FF42091D4CE00D5900F /* ControlManagerFactory.swift */ = {isa = PBXFileReference; lastKnownFileType = sourcecode.swift; path = ControlManagerFactory.swift; sourceTree = "<group>"; };
/* End PBXFileReference section */

/* Begin PBXFrameworksBuildPhase section */
		286129B9207F647D0070600C /* Frameworks */ = {
			isa = PBXFrameworksBuildPhase;
			buildActionMask = 2147483647;
			files = (
			);
			runOnlyForDeploymentPostprocessing = 0;
		};
		286129CD207F647E0070600C /* Frameworks */ = {
			isa = PBXFrameworksBuildPhase;
			buildActionMask = 2147483647;
			files = (
			);
			runOnlyForDeploymentPostprocessing = 0;
		};
		286129D8207F647E0070600C /* Frameworks */ = {
			isa = PBXFrameworksBuildPhase;
			buildActionMask = 2147483647;
			files = (
			);
			runOnlyForDeploymentPostprocessing = 0;
		};
/* End PBXFrameworksBuildPhase section */

/* Begin PBXGroup section */
		2809C8832084D7EE00138B46 /* Controller */ = {
			isa = PBXGroup;
			children = (
				286129ED207F66120070600C /* DataStructureViewController.swift */,
				2809C88120849A5C00138B46 /* DetailController.swift */,
				289A67412089C7C00043EC4B /* UIWebVC.swift */,
				289A67432089C7FF0043EC4B /* WKWebVC.swift */,
				289A67452089C8330043EC4B /* SFSafariVC.swift */,
				28B04E582090B5D900F95D2E /* VisualizationController.swift */,
				28B04E5C2090BC1500F95D2E /* FakeDataController.swift */,
			);
			path = Controller;
			sourceTree = "<group>";
		};
		2809C8842084D83F00138B46 /* Protocol */ = {
			isa = PBXGroup;
			children = (
				2809C87F2084922F00138B46 /* ConfigureCellProtocol.swift */,
				286C9FB62080A680006AA8FF /* DataEntityProtocol.swift */,
				289CE61F2085C7CA006D11FB /* EntityProtocol.swift */,
				282BF704208DCCA4006ECD82 /* WebProtocol.swift */,
				28BE36B92093535F00A2986F /* FakeDataProtocol.swift */,
				28BE36B52093319C00A2986F /* AdapterProtocol.swift */,
				282394DD2091A9D300F752E7 /* ATDControlProtocol.swift */,
			);
			path = Protocol;
			sourceTree = "<group>";
		};
		286129B3207F647D0070600C = {
			isa = PBXGroup;
			children = (
				286129BE207F647D0070600C /* UITable */,
				286129D3207F647E0070600C /* UITableTests */,
				286129DE207F647E0070600C /* UITableUITests */,
				286129BD207F647D0070600C /* Products */,
			);
			sourceTree = "<group>";
		};
		286129BD207F647D0070600C /* Products */ = {
			isa = PBXGroup;
			children = (
				286129BC207F647D0070600C /* UITable.app */,
				286129D0207F647E0070600C /* UITableTests.xctest */,
				286129DB207F647E0070600C /* UITableUITests.xctest */,
			);
			name = Products;
			sourceTree = "<group>";
		};
		286129BE207F647D0070600C /* UITable */ = {
			isa = PBXGroup;
			children = (
				2809C8842084D83F00138B46 /* Protocol */,
				2809C8832084D7EE00138B46 /* Controller */,
				286C9FB32080A1C5006AA8FF /* Model */,
				28BE36BB2093658300A2986F /* Manager */,
				28BE36B72093434D00A2986F /* ActionButton.swift */,
				280ED2E42096E72500FB5BC3 /* ActionTextField.swift */,
				28BE36B32093277000A2986F /* Adapter.swift */,
				286129BF207F647D0070600C /* AppDelegate.swift */,
				28D93FF42091D4CE00D5900F /* ControlManagerFactory.swift */,
				28B04E5E2090C0E000F95D2E /* DataTableCell.swift */,
				286129EF207F71330070600C /* DataStructureViewCell.swift */,
				286129C3207F647D0070600C /* Main.storyboard */,
				286129C6207F647D0070600C /* Assets.xcassets */,
				286129C8207F647D0070600C /* LaunchScreen.storyboard */,
				286129CB207F647D0070600C /* Info.plist */,
			);
			path = UITable;
			sourceTree = "<group>";
		};
		286129D3207F647E0070600C /* UITableTests */ = {
			isa = PBXGroup;
			children = (
				286129D4207F647E0070600C /* UITableTests.swift */,
				286129D6207F647E0070600C /* Info.plist */,
			);
			path = UITableTests;
			sourceTree = "<group>";
		};
		286129DE207F647E0070600C /* UITableUITests */ = {
			isa = PBXGroup;
			children = (
				286129DF207F647E0070600C /* UITableUITests.swift */,
				286129E1207F647E0070600C /* Info.plist */,
			);
			path = UITableUITests;
			sourceTree = "<group>";
		};
		286C9FB32080A1C5006AA8FF /* Model */ = {
			isa = PBXGroup;
			children = (
				286C9FB82080A890006AA8FF /* ArrayData.swift */,
				28318B822080CD0000A3E4C4 /* DataStructureEntity.swift */,
				285EC863209AFCED004920B4 /* StackModel.swift */,
				285EC865209B05C3004920B4 /* QueueModel.swift */,
				285EC867209B0A0C004920B4 /* SetModel.swift */,
				285EC869209B18CA004920B4 /* MultiSetModel.swift */,
				288D4DDB209B24E1001403FC /* DequeueModel.swift */,
				288D4DDD209B29E4001403FC /* ListModel.swift */,
				288D4DDF209B2DA0001403FC /* PriorityQueueModel.swift */,
				288D4DE1209B368C001403FC /* DictionaryModel.swift */,
			);
			path = Model;
			sourceTree = "<group>";
		};
		28BE36BB2093658300A2986F /* Manager */ = {
			isa = PBXGroup;
			children = (
				28D93FF02091D38C00D5900F /* StackManager.swift */,
				28BE36BC209365FF00A2986F /* QueueManager.swift */,
				280ED2E22096E0C900FB5BC3 /* SetManager.swift */,
				280ED2E82097350C00FB5BC3 /* MultiSetManager.swift */,
				280ED2EA2097595F00FB5BC3 /* DequeueManager.swift */,
				28A7AB6420999F15002D9825 /* ListManager.swift */,
				28A7AB662099A872002D9825 /* PriorityQueueManager.swift */,
				28A7AB682099D47D002D9825 /* DictionaryManager.swift */,
			);
			path = Manager;
			sourceTree = "<group>";
		};
/* End PBXGroup section */

/* Begin PBXNativeTarget section */
		286129BB207F647D0070600C /* UITable */ = {
			isa = PBXNativeTarget;
			buildConfigurationList = 286129E4207F647E0070600C /* Build configuration list for PBXNativeTarget "UITable" */;
			buildPhases = (
				286129B8207F647D0070600C /* Sources */,
				286129B9207F647D0070600C /* Frameworks */,
				286129BA207F647D0070600C /* Resources */,
			);
			buildRules = (
			);
			dependencies = (
			);
			name = UITable;
			productName = UITable;
			productReference = 286129BC207F647D0070600C /* UITable.app */;
			productType = "com.apple.product-type.application";
		};
		286129CF207F647E0070600C /* UITableTests */ = {
			isa = PBXNativeTarget;
			buildConfigurationList = 286129E7207F647E0070600C /* Build configuration list for PBXNativeTarget "UITableTests" */;
			buildPhases = (
				286129CC207F647E0070600C /* Sources */,
				286129CD207F647E0070600C /* Frameworks */,
				286129CE207F647E0070600C /* Resources */,
			);
			buildRules = (
			);
			dependencies = (
				286129D2207F647E0070600C /* PBXTargetDependency */,
			);
			name = UITableTests;
			productName = UITableTests;
			productReference = 286129D0207F647E0070600C /* UITableTests.xctest */;
			productType = "com.apple.product-type.bundle.unit-test";
		};
		286129DA207F647E0070600C /* UITableUITests */ = {
			isa = PBXNativeTarget;
			buildConfigurationList = 286129EA207F647E0070600C /* Build configuration list for PBXNativeTarget "UITableUITests" */;
			buildPhases = (
				286129D7207F647E0070600C /* Sources */,
				286129D8207F647E0070600C /* Frameworks */,
				286129D9207F647E0070600C /* Resources */,
			);
			buildRules = (
			);
			dependencies = (
				286129DD207F647E0070600C /* PBXTargetDependency */,
			);
			name = UITableUITests;
			productName = UITableUITests;
			productReference = 286129DB207F647E0070600C /* UITableUITests.xctest */;
			productType = "com.apple.product-type.bundle.ui-testing";
		};
/* End PBXNativeTarget section */

/* Begin PBXProject section */
		286129B4207F647D0070600C /* Project object */ = {
			isa = PBXProject;
			attributes = {
				LastSwiftUpdateCheck = 0920;
				LastUpgradeCheck = 0920;
				ORGANIZATIONNAME = "Sergii Lisnyi";
				TargetAttributes = {
					286129BB207F647D0070600C = {
						CreatedOnToolsVersion = 9.2;
						ProvisioningStyle = Automatic;
					};
					286129CF207F647E0070600C = {
						CreatedOnToolsVersion = 9.2;
						ProvisioningStyle = Automatic;
						TestTargetID = 286129BB207F647D0070600C;
					};
					286129DA207F647E0070600C = {
						CreatedOnToolsVersion = 9.2;
						ProvisioningStyle = Automatic;
						TestTargetID = 286129BB207F647D0070600C;
					};
				};
			};
			buildConfigurationList = 286129B7207F647D0070600C /* Build configuration list for PBXProject "UITable" */;
			compatibilityVersion = "Xcode 8.0";
			developmentRegion = en;
			hasScannedForEncodings = 0;
			knownRegions = (
				en,
				Base,
			);
			mainGroup = 286129B3207F647D0070600C;
			productRefGroup = 286129BD207F647D0070600C /* Products */;
			projectDirPath = "";
			projectRoot = "";
			targets = (
				286129BB207F647D0070600C /* UITable */,
				286129CF207F647E0070600C /* UITableTests */,
				286129DA207F647E0070600C /* UITableUITests */,
			);
		};
/* End PBXProject section */

/* Begin PBXResourcesBuildPhase section */
		286129BA207F647D0070600C /* Resources */ = {
			isa = PBXResourcesBuildPhase;
			buildActionMask = 2147483647;
			files = (
				286129CA207F647D0070600C /* LaunchScreen.storyboard in Resources */,
				286129C7207F647D0070600C /* Assets.xcassets in Resources */,
				286129C5207F647D0070600C /* Main.storyboard in Resources */,
			);
			runOnlyForDeploymentPostprocessing = 0;
		};
		286129CE207F647E0070600C /* Resources */ = {
			isa = PBXResourcesBuildPhase;
			buildActionMask = 2147483647;
			files = (
			);
			runOnlyForDeploymentPostprocessing = 0;
		};
		286129D9207F647E0070600C /* Resources */ = {
			isa = PBXResourcesBuildPhase;
			buildActionMask = 2147483647;
			files = (
			);
			runOnlyForDeploymentPostprocessing = 0;
		};
/* End PBXResourcesBuildPhase section */

/* Begin PBXSourcesBuildPhase section */
		286129B8207F647D0070600C /* Sources */ = {
			isa = PBXSourcesBuildPhase;
			buildActionMask = 2147483647;
			files = (
				288D4DE0209B2DA0001403FC /* PriorityQueueModel.swift in Sources */,
				28B04E5F2090C0E000F95D2E /* DataTableCell.swift in Sources */,
				288D4DDE209B29E4001403FC /* ListModel.swift in Sources */,
				28B04E5D2090BC1500F95D2E /* FakeDataController.swift in Sources */,
				285EC86A209B18CA004920B4 /* MultiSetModel.swift in Sources */,
				285EC868209B0A0C004920B4 /* SetModel.swift in Sources */,
				280ED2E32096E0C900FB5BC3 /* SetManager.swift in Sources */,
				285EC866209B05C3004920B4 /* QueueModel.swift in Sources */,
				28A7AB692099D47D002D9825 /* DictionaryManager.swift in Sources */,
				286129F0207F71330070600C /* DataStructureViewCell.swift in Sources */,
				286129C0207F647D0070600C /* AppDelegate.swift in Sources */,
				28BE36B82093434D00A2986F /* ActionButton.swift in Sources */,
				280ED2E52096E72500FB5BC3 /* ActionTextField.swift in Sources */,
				28BE36BD209365FF00A2986F /* QueueManager.swift in Sources */,
				289A67422089C7C00043EC4B /* UIWebVC.swift in Sources */,
				2809C8802084922F00138B46 /* ConfigureCellProtocol.swift in Sources */,
				28B04E592090B5D900F95D2E /* VisualizationController.swift in Sources */,
				282394DE2091A9D300F752E7 /* ATDControlProtocol.swift in Sources */,
				28D93FF12091D38C00D5900F /* StackManager.swift in Sources */,
				28A7AB672099A872002D9825 /* PriorityQueueManager.swift in Sources */,
				286C9FB92080A890006AA8FF /* ArrayData.swift in Sources */,
				282BF705208DCCA4006ECD82 /* WebProtocol.swift in Sources */,
				280ED2EB2097595F00FB5BC3 /* DequeueManager.swift in Sources */,
				28318B832080CD0000A3E4C4 /* DataStructureEntity.swift in Sources */,
				286C9FB72080A680006AA8FF /* DataEntityProtocol.swift in Sources */,
				28BE36B62093319C00A2986F /* AdapterProtocol.swift in Sources */,
				28A7AB6520999F15002D9825 /* ListManager.swift in Sources */,
				280ED2E92097350C00FB5BC3 /* MultiSetManager.swift in Sources */,
				288D4DDC209B24E1001403FC /* DequeueModel.swift in Sources */,
				28BE36B42093277000A2986F /* Adapter.swift in Sources */,
				289A67462089C8330043EC4B /* SFSafariVC.swift in Sources */,
				28D93FF52091D4CE00D5900F /* ControlManagerFactory.swift in Sources */,
				2809C88220849A5C00138B46 /* DetailController.swift in Sources */,
				285EC864209AFCED004920B4 /* StackModel.swift in Sources */,
				289A67442089C7FF0043EC4B /* WKWebVC.swift in Sources */,
				28BE36BA2093535F00A2986F /* FakeDataProtocol.swift in Sources */,
				286129EE207F66120070600C /* DataStructureViewController.swift in Sources */,
				289CE6202085C7CA006D11FB /* EntityProtocol.swift in Sources */,
				288D4DE2209B368C001403FC /* DictionaryModel.swift in Sources */,
			);
			runOnlyForDeploymentPostprocessing = 0;
		};
		286129CC207F647E0070600C /* Sources */ = {
			isa = PBXSourcesBuildPhase;
			buildActionMask = 2147483647;
			files = (
				286129D5207F647E0070600C /* UITableTests.swift in Sources */,
			);
			runOnlyForDeploymentPostprocessing = 0;
		};
		286129D7207F647E0070600C /* Sources */ = {
			isa = PBXSourcesBuildPhase;
			buildActionMask = 2147483647;
			files = (
				286129E0207F647E0070600C /* UITableUITests.swift in Sources */,
			);
			runOnlyForDeploymentPostprocessing = 0;
		};
/* End PBXSourcesBuildPhase section */

/* Begin PBXTargetDependency section */
		286129D2207F647E0070600C /* PBXTargetDependency */ = {
			isa = PBXTargetDependency;
			target = 286129BB207F647D0070600C /* UITable */;
			targetProxy = 286129D1207F647E0070600C /* PBXContainerItemProxy */;
		};
		286129DD207F647E0070600C /* PBXTargetDependency */ = {
			isa = PBXTargetDependency;
			target = 286129BB207F647D0070600C /* UITable */;
			targetProxy = 286129DC207F647E0070600C /* PBXContainerItemProxy */;
		};
/* End PBXTargetDependency section */

/* Begin PBXVariantGroup section */
		286129C3207F647D0070600C /* Main.storyboard */ = {
			isa = PBXVariantGroup;
			children = (
				286129C4207F647D0070600C /* Base */,
			);
			name = Main.storyboard;
			sourceTree = "<group>";
		};
		286129C8207F647D0070600C /* LaunchScreen.storyboard */ = {
			isa = PBXVariantGroup;
			children = (
				286129C9207F647D0070600C /* Base */,
			);
			name = LaunchScreen.storyboard;
			sourceTree = "<group>";
		};
/* End PBXVariantGroup section */

/* Begin XCBuildConfiguration section */
		286129E2207F647E0070600C /* Debug */ = {
			isa = XCBuildConfiguration;
			buildSettings = {
				ALWAYS_SEARCH_USER_PATHS = NO;
				CLANG_ANALYZER_NONNULL = YES;
				CLANG_ANALYZER_NUMBER_OBJECT_CONVERSION = YES_AGGRESSIVE;
				CLANG_CXX_LANGUAGE_STANDARD = "gnu++14";
				CLANG_CXX_LIBRARY = "libc++";
				CLANG_ENABLE_MODULES = YES;
				CLANG_ENABLE_OBJC_ARC = YES;
				CLANG_WARN_BLOCK_CAPTURE_AUTORELEASING = YES;
				CLANG_WARN_BOOL_CONVERSION = YES;
				CLANG_WARN_COMMA = YES;
				CLANG_WARN_CONSTANT_CONVERSION = YES;
				CLANG_WARN_DIRECT_OBJC_ISA_USAGE = YES_ERROR;
				CLANG_WARN_DOCUMENTATION_COMMENTS = YES;
				CLANG_WARN_EMPTY_BODY = YES;
				CLANG_WARN_ENUM_CONVERSION = YES;
				CLANG_WARN_INFINITE_RECURSION = YES;
				CLANG_WARN_INT_CONVERSION = YES;
				CLANG_WARN_NON_LITERAL_NULL_CONVERSION = YES;
				CLANG_WARN_OBJC_LITERAL_CONVERSION = YES;
				CLANG_WARN_OBJC_ROOT_CLASS = YES_ERROR;
				CLANG_WARN_RANGE_LOOP_ANALYSIS = YES;
				CLANG_WARN_STRICT_PROTOTYPES = YES;
				CLANG_WARN_SUSPICIOUS_MOVE = YES;
				CLANG_WARN_UNGUARDED_AVAILABILITY = YES_AGGRESSIVE;
				CLANG_WARN_UNREACHABLE_CODE = YES;
				CLANG_WARN__DUPLICATE_METHOD_MATCH = YES;
				CODE_SIGN_IDENTITY = "iPhone Developer";
				COPY_PHASE_STRIP = NO;
				DEBUG_INFORMATION_FORMAT = dwarf;
				ENABLE_STRICT_OBJC_MSGSEND = YES;
				ENABLE_TESTABILITY = YES;
				GCC_C_LANGUAGE_STANDARD = gnu11;
				GCC_DYNAMIC_NO_PIC = NO;
				GCC_NO_COMMON_BLOCKS = YES;
				GCC_OPTIMIZATION_LEVEL = 0;
				GCC_PREPROCESSOR_DEFINITIONS = (
					"DEBUG=1",
					"$(inherited)",
				);
				GCC_WARN_64_TO_32_BIT_CONVERSION = YES;
				GCC_WARN_ABOUT_RETURN_TYPE = YES_ERROR;
				GCC_WARN_UNDECLARED_SELECTOR = YES;
				GCC_WARN_UNINITIALIZED_AUTOS = YES_AGGRESSIVE;
				GCC_WARN_UNUSED_FUNCTION = YES;
				GCC_WARN_UNUSED_VARIABLE = YES;
				IPHONEOS_DEPLOYMENT_TARGET = 11.2;
				MTL_ENABLE_DEBUG_INFO = YES;
				ONLY_ACTIVE_ARCH = YES;
				SDKROOT = iphoneos;
				SWIFT_ACTIVE_COMPILATION_CONDITIONS = DEBUG;
				SWIFT_OPTIMIZATION_LEVEL = "-Onone";
			};
			name = Debug;
		};
		286129E3207F647E0070600C /* Release */ = {
			isa = XCBuildConfiguration;
			buildSettings = {
				ALWAYS_SEARCH_USER_PATHS = NO;
				CLANG_ANALYZER_NONNULL = YES;
				CLANG_ANALYZER_NUMBER_OBJECT_CONVERSION = YES_AGGRESSIVE;
				CLANG_CXX_LANGUAGE_STANDARD = "gnu++14";
				CLANG_CXX_LIBRARY = "libc++";
				CLANG_ENABLE_MODULES = YES;
				CLANG_ENABLE_OBJC_ARC = YES;
				CLANG_WARN_BLOCK_CAPTURE_AUTORELEASING = YES;
				CLANG_WARN_BOOL_CONVERSION = YES;
				CLANG_WARN_COMMA = YES;
				CLANG_WARN_CONSTANT_CONVERSION = YES;
				CLANG_WARN_DIRECT_OBJC_ISA_USAGE = YES_ERROR;
				CLANG_WARN_DOCUMENTATION_COMMENTS = YES;
				CLANG_WARN_EMPTY_BODY = YES;
				CLANG_WARN_ENUM_CONVERSION = YES;
				CLANG_WARN_INFINITE_RECURSION = YES;
				CLANG_WARN_INT_CONVERSION = YES;
				CLANG_WARN_NON_LITERAL_NULL_CONVERSION = YES;
				CLANG_WARN_OBJC_LITERAL_CONVERSION = YES;
				CLANG_WARN_OBJC_ROOT_CLASS = YES_ERROR;
				CLANG_WARN_RANGE_LOOP_ANALYSIS = YES;
				CLANG_WARN_STRICT_PROTOTYPES = YES;
				CLANG_WARN_SUSPICIOUS_MOVE = YES;
				CLANG_WARN_UNGUARDED_AVAILABILITY = YES_AGGRESSIVE;
				CLANG_WARN_UNREACHABLE_CODE = YES;
				CLANG_WARN__DUPLICATE_METHOD_MATCH = YES;
				CODE_SIGN_IDENTITY = "iPhone Developer";
				COPY_PHASE_STRIP = NO;
				DEBUG_INFORMATION_FORMAT = "dwarf-with-dsym";
				ENABLE_NS_ASSERTIONS = NO;
				ENABLE_STRICT_OBJC_MSGSEND = YES;
				GCC_C_LANGUAGE_STANDARD = gnu11;
				GCC_NO_COMMON_BLOCKS = YES;
				GCC_WARN_64_TO_32_BIT_CONVERSION = YES;
				GCC_WARN_ABOUT_RETURN_TYPE = YES_ERROR;
				GCC_WARN_UNDECLARED_SELECTOR = YES;
				GCC_WARN_UNINITIALIZED_AUTOS = YES_AGGRESSIVE;
				GCC_WARN_UNUSED_FUNCTION = YES;
				GCC_WARN_UNUSED_VARIABLE = YES;
				IPHONEOS_DEPLOYMENT_TARGET = 11.2;
				MTL_ENABLE_DEBUG_INFO = NO;
				SDKROOT = iphoneos;
				SWIFT_OPTIMIZATION_LEVEL = "-Owholemodule";
				VALIDATE_PRODUCT = YES;
			};
			name = Release;
		};
		286129E5207F647E0070600C /* Debug */ = {
			isa = XCBuildConfiguration;
			buildSettings = {
				ASSETCATALOG_COMPILER_APPICON_NAME = AppIcon;
				CODE_SIGN_STYLE = Automatic;
				INFOPLIST_FILE = UITable/Info.plist;
				LD_RUNPATH_SEARCH_PATHS = "$(inherited) @executable_path/Frameworks";
				PRODUCT_BUNDLE_IDENTIFIER = "-.1.1.UITable";
				PRODUCT_NAME = "$(TARGET_NAME)";
				SWIFT_VERSION = 4.0;
				TARGETED_DEVICE_FAMILY = "1,2";
			};
			name = Debug;
		};
		286129E6207F647E0070600C /* Release */ = {
			isa = XCBuildConfiguration;
			buildSettings = {
				ASSETCATALOG_COMPILER_APPICON_NAME = AppIcon;
				CODE_SIGN_STYLE = Automatic;
				INFOPLIST_FILE = UITable/Info.plist;
				LD_RUNPATH_SEARCH_PATHS = "$(inherited) @executable_path/Frameworks";
				PRODUCT_BUNDLE_IDENTIFIER = "-.1.1.UITable";
				PRODUCT_NAME = "$(TARGET_NAME)";
				SWIFT_VERSION = 4.0;
				TARGETED_DEVICE_FAMILY = "1,2";
			};
			name = Release;
		};
		286129E8207F647E0070600C /* Debug */ = {
			isa = XCBuildConfiguration;
			buildSettings = {
				ALWAYS_EMBED_SWIFT_STANDARD_LIBRARIES = YES;
				BUNDLE_LOADER = "$(TEST_HOST)";
				CODE_SIGN_STYLE = Automatic;
				INFOPLIST_FILE = UITableTests/Info.plist;
				LD_RUNPATH_SEARCH_PATHS = "$(inherited) @executable_path/Frameworks @loader_path/Frameworks";
				PRODUCT_BUNDLE_IDENTIFIER = "-.1.1.UITableTests";
				PRODUCT_NAME = "$(TARGET_NAME)";
				SWIFT_VERSION = 4.0;
				TARGETED_DEVICE_FAMILY = "1,2";
				TEST_HOST = "$(BUILT_PRODUCTS_DIR)/UITable.app/UITable";
			};
			name = Debug;
		};
		286129E9207F647E0070600C /* Release */ = {
			isa = XCBuildConfiguration;
			buildSettings = {
				ALWAYS_EMBED_SWIFT_STANDARD_LIBRARIES = YES;
				BUNDLE_LOADER = "$(TEST_HOST)";
				CODE_SIGN_STYLE = Automatic;
				INFOPLIST_FILE = UITableTests/Info.plist;
				LD_RUNPATH_SEARCH_PATHS = "$(inherited) @executable_path/Frameworks @loader_path/Frameworks";
				PRODUCT_BUNDLE_IDENTIFIER = "-.1.1.UITableTests";
				PRODUCT_NAME = "$(TARGET_NAME)";
				SWIFT_VERSION = 4.0;
				TARGETED_DEVICE_FAMILY = "1,2";
				TEST_HOST = "$(BUILT_PRODUCTS_DIR)/UITable.app/UITable";
			};
			name = Release;
		};
		286129EB207F647E0070600C /* Debug */ = {
			isa = XCBuildConfiguration;
			buildSettings = {
				ALWAYS_EMBED_SWIFT_STANDARD_LIBRARIES = YES;
				CODE_SIGN_STYLE = Automatic;
				INFOPLIST_FILE = UITableUITests/Info.plist;
				LD_RUNPATH_SEARCH_PATHS = "$(inherited) @executable_path/Frameworks @loader_path/Frameworks";
				PRODUCT_BUNDLE_IDENTIFIER = "-.1.1.UITableUITests";
				PRODUCT_NAME = "$(TARGET_NAME)";
				SWIFT_VERSION = 4.0;
				TARGETED_DEVICE_FAMILY = "1,2";
				TEST_TARGET_NAME = UITable;
			};
			name = Debug;
		};
		286129EC207F647E0070600C /* Release */ = {
			isa = XCBuildConfiguration;
			buildSettings = {
				ALWAYS_EMBED_SWIFT_STANDARD_LIBRARIES = YES;
				CODE_SIGN_STYLE = Automatic;
				INFOPLIST_FILE = UITableUITests/Info.plist;
				LD_RUNPATH_SEARCH_PATHS = "$(inherited) @executable_path/Frameworks @loader_path/Frameworks";
				PRODUCT_BUNDLE_IDENTIFIER = "-.1.1.UITableUITests";
				PRODUCT_NAME = "$(TARGET_NAME)";
				SWIFT_VERSION = 4.0;
				TARGETED_DEVICE_FAMILY = "1,2";
				TEST_TARGET_NAME = UITable;
			};
			name = Release;
		};
/* End XCBuildConfiguration section */

/* Begin XCConfigurationList section */
		286129B7207F647D0070600C /* Build configuration list for PBXProject "UITable" */ = {
			isa = XCConfigurationList;
			buildConfigurations = (
				286129E2207F647E0070600C /* Debug */,
				286129E3207F647E0070600C /* Release */,
			);
			defaultConfigurationIsVisible = 0;
			defaultConfigurationName = Release;
		};
		286129E4207F647E0070600C /* Build configuration list for PBXNativeTarget "UITable" */ = {
			isa = XCConfigurationList;
			buildConfigurations = (
				286129E5207F647E0070600C /* Debug */,
				286129E6207F647E0070600C /* Release */,
			);
			defaultConfigurationIsVisible = 0;
			defaultConfigurationName = Release;
		};
		286129E7207F647E0070600C /* Build configuration list for PBXNativeTarget "UITableTests" */ = {
			isa = XCConfigurationList;
			buildConfigurations = (
				286129E8207F647E0070600C /* Debug */,
				286129E9207F647E0070600C /* Release */,
			);
			defaultConfigurationIsVisible = 0;
			defaultConfigurationName = Release;
		};
		286129EA207F647E0070600C /* Build configuration list for PBXNativeTarget "UITableUITests" */ = {
			isa = XCConfigurationList;
			buildConfigurations = (
				286129EB207F647E0070600C /* Debug */,
				286129EC207F647E0070600C /* Release */,
			);
			defaultConfigurationIsVisible = 0;
			defaultConfigurationName = Release;
		};
/* End XCConfigurationList section */
	};
	rootObject = 286129B4207F647D0070600C /* Project object */;
}
